// !$*UTF8*$!
{
	archiveVersion = 1;
	classes = {
	};
	objectVersion = 46;
	objects = {

/* Begin PBXBuildFile section */
		B017BBC81C0B221600DAD8EA /* AppDelegate.swift in Sources */ = {isa = PBXBuildFile; fileRef = B017BBC71C0B221600DAD8EA /* AppDelegate.swift */; };
		B017BBCA1C0B221600DAD8EA /* ViewController.swift in Sources */ = {isa = PBXBuildFile; fileRef = B017BBC91C0B221600DAD8EA /* ViewController.swift */; };
		B017BBCD1C0B221600DAD8EA /* Main.storyboard in Resources */ = {isa = PBXBuildFile; fileRef = B017BBCB1C0B221600DAD8EA /* Main.storyboard */; };
		B017BBCF1C0B221600DAD8EA /* Assets.xcassets in Resources */ = {isa = PBXBuildFile; fileRef = B017BBCE1C0B221600DAD8EA /* Assets.xcassets */; };
		B017BBD21C0B221600DAD8EA /* LaunchScreen.storyboard in Resources */ = {isa = PBXBuildFile; fileRef = B017BBD01C0B221600DAD8EA /* LaunchScreen.storyboard */; };
		B017BBDA1C0B257800DAD8EA /* pokemon.csv in Resources */ = {isa = PBXBuildFile; fileRef = B017BBD91C0B257800DAD8EA /* pokemon.csv */; };
		B09491AF1C0B2AD00053AD09 /* Pokemon.swift in Sources */ = {isa = PBXBuildFile; fileRef = B09491AE1C0B2AD00053AD09 /* Pokemon.swift */; };
		B09491B21C0B330C0053AD09 /* PokeCell.swift in Sources */ = {isa = PBXBuildFile; fileRef = B09491B11C0B330C0053AD09 /* PokeCell.swift */; };
		B09491B41C0B3AA20053AD09 /* csv.swift in Sources */ = {isa = PBXBuildFile; fileRef = B09491B31C0B3AA20053AD09 /* csv.swift */; };
/* End PBXBuildFile section */

/* Begin PBXFileReference section */
		B017BBC41C0B221600DAD8EA /* pokedex.app */ = {isa = PBXFileReference; explicitFileType = wrapper.application; includeInIndex = 0; path = pokedex.app; sourceTree = BUILT_PRODUCTS_DIR; };
		B017BBC71C0B221600DAD8EA /* AppDelegate.swift */ = {isa = PBXFileReference; lastKnownFileType = sourcecode.swift; path = AppDelegate.swift; sourceTree = "<group>"; };
		B017BBC91C0B221600DAD8EA /* ViewController.swift */ = {isa = PBXFileReference; lastKnownFileType = sourcecode.swift; path = ViewController.swift; sourceTree = "<group>"; };
		B017BBCC1C0B221600DAD8EA /* Base */ = {isa = PBXFileReference; lastKnownFileType = file.storyboard; name = Base; path = Base.lproj/Main.storyboard; sourceTree = "<group>"; };
		B017BBCE1C0B221600DAD8EA /* Assets.xcassets */ = {isa = PBXFileReference; lastKnownFileType = folder.assetcatalog; path = Assets.xcassets; sourceTree = "<group>"; };
		B017BBD11C0B221600DAD8EA /* Base */ = {isa = PBXFileReference; lastKnownFileType = file.storyboard; name = Base; path = Base.lproj/LaunchScreen.storyboard; sourceTree = "<group>"; };
		B017BBD31C0B221600DAD8EA /* Info.plist */ = {isa = PBXFileReference; lastKnownFileType = text.plist.xml; path = Info.plist; sourceTree = "<group>"; };
		B017BBD91C0B257800DAD8EA /* pokemon.csv */ = {isa = PBXFileReference; fileEncoding = 4; lastKnownFileType = text; path = pokemon.csv; sourceTree = "<group>"; };
		B09491AE1C0B2AD00053AD09 /* Pokemon.swift */ = {isa = PBXFileReference; fileEncoding = 4; lastKnownFileType = sourcecode.swift; path = Pokemon.swift; sourceTree = "<group>"; };
		B09491B11C0B330C0053AD09 /* PokeCell.swift */ = {isa = PBXFileReference; fileEncoding = 4; lastKnownFileType = sourcecode.swift; path = PokeCell.swift; sourceTree = "<group>"; };
		B09491B31C0B3AA20053AD09 /* csv.swift */ = {isa = PBXFileReference; fileEncoding = 4; lastKnownFileType = sourcecode.swift; path = csv.swift; sourceTree = "<group>"; };
/* End PBXFileReference section */

/* Begin PBXFrameworksBuildPhase section */
		B017BBC11C0B221600DAD8EA /* Frameworks */ = {
			isa = PBXFrameworksBuildPhase;
			buildActionMask = 2147483647;
			files = (
			);
			runOnlyForDeploymentPostprocessing = 0;
		};
/* End PBXFrameworksBuildPhase section */

/* Begin PBXGroup section */
		B017BBBB1C0B221600DAD8EA = {
			isa = PBXGroup;
			children = (
				B017BBC61C0B221600DAD8EA /* pokedex */,
				B017BBC51C0B221600DAD8EA /* Products */,
			);
			sourceTree = "<group>";
		};
		B017BBC51C0B221600DAD8EA /* Products */ = {
			isa = PBXGroup;
			children = (
				B017BBC41C0B221600DAD8EA /* pokedex.app */,
			);
			name = Products;
			sourceTree = "<group>";
		};
		B017BBC61C0B221600DAD8EA /* pokedex */ = {
			isa = PBXGroup;
			children = (
				B09491AD1C0B2ABE0053AD09 /* Model */,
				B09491B01C0B32DF0053AD09 /* View */,
				B09491B61C0B3BBC0053AD09 /* Controller */,
				B09491B51C0B3BAD0053AD09 /* Util */,
				B09491B71C0B3BCA0053AD09 /* Resources */,
				B017BBC71C0B221600DAD8EA /* AppDelegate.swift */,
				B017BBCB1C0B221600DAD8EA /* Main.storyboard */,
				B017BBCE1C0B221600DAD8EA /* Assets.xcassets */,
				B017BBD01C0B221600DAD8EA /* LaunchScreen.storyboard */,
				B017BBD31C0B221600DAD8EA /* Info.plist */,
			);
			path = pokedex;
			sourceTree = "<group>";
		};
		B09491AD1C0B2ABE0053AD09 /* Model */ = {
			isa = PBXGroup;
			children = (
				B09491AE1C0B2AD00053AD09 /* Pokemon.swift */,
			);
			name = Model;
			sourceTree = "<group>";
		};
		B09491B01C0B32DF0053AD09 /* View */ = {
			isa = PBXGroup;
			children = (
				B09491B11C0B330C0053AD09 /* PokeCell.swift */,
			);
			name = View;
			sourceTree = "<group>";
		};
		B09491B51C0B3BAD0053AD09 /* Util */ = {
			isa = PBXGroup;
			children = (
				B09491B31C0B3AA20053AD09 /* csv.swift */,
			);
			name = Util;
			sourceTree = "<group>";
		};
		B09491B61C0B3BBC0053AD09 /* Controller */ = {
			isa = PBXGroup;
			children = (
				B017BBC91C0B221600DAD8EA /* ViewController.swift */,
			);
			name = Controller;
			sourceTree = "<group>";
		};
		B09491B71C0B3BCA0053AD09 /* Resources */ = {
			isa = PBXGroup;
			children = (
				B017BBD91C0B257800DAD8EA /* pokemon.csv */,
			);
			name = Resources;
			sourceTree = "<group>";
		};
/* End PBXGroup section */

/* Begin PBXNativeTarget section */
		B017BBC31C0B221600DAD8EA /* pokedex */ = {
			isa = PBXNativeTarget;
			buildConfigurationList = B017BBD61C0B221600DAD8EA /* Build configuration list for PBXNativeTarget "pokedex" */;
			buildPhases = (
				B017BBC01C0B221600DAD8EA /* Sources */,
				B017BBC11C0B221600DAD8EA /* Frameworks */,
				B017BBC21C0B221600DAD8EA /* Resources */,
			);
			buildRules = (
			);
			dependencies = (
			);
			name = pokedex;
			productName = pokedex;
			productReference = B017BBC41C0B221600DAD8EA /* pokedex.app */;
			productType = "com.apple.product-type.application";
		};
/* End PBXNativeTarget section */

/* Begin PBXProject section */
		B017BBBC1C0B221600DAD8EA /* Project object */ = {
			isa = PBXProject;
			attributes = {
				LastSwiftUpdateCheck = 0710;
				LastUpgradeCheck = 0710;
				ORGANIZATIONNAME = "Gene McCullagh";
				TargetAttributes = {
					B017BBC31C0B221600DAD8EA = {
						CreatedOnToolsVersion = 7.1.1;
					};
				};
			};
			buildConfigurationList = B017BBBF1C0B221600DAD8EA /* Build configuration list for PBXProject "pokedex" */;
			compatibilityVersion = "Xcode 3.2";
			developmentRegion = English;
			hasScannedForEncodings = 0;
			knownRegions = (
				en,
				Base,
			);
			mainGroup = B017BBBB1C0B221600DAD8EA;
			productRefGroup = B017BBC51C0B221600DAD8EA /* Products */;
			projectDirPath = "";
			projectRoot = "";
			targets = (
				B017BBC31C0B221600DAD8EA /* pokedex */,
			);
		};
/* End PBXProject section */

/* Begin PBXResourcesBuildPhase section */
		B017BBC21C0B221600DAD8EA /* Resources */ = {
			isa = PBXResourcesBuildPhase;
			buildActionMask = 2147483647;
			files = (
				B017BBD21C0B221600DAD8EA /* LaunchScreen.storyboard in Resources */,
				B017BBCF1C0B221600DAD8EA /* Assets.xcassets in Resources */,
				B017BBDA1C0B257800DAD8EA /* pokemon.csv in Resources */,
				B017BBCD1C0B221600DAD8EA /* Main.storyboard in Resources */,
			);
			runOnlyForDeploymentPostprocessing = 0;
		};
/* End PBXResourcesBuildPhase section */

/* Begin PBXSourcesBuildPhase section */
		B017BBC01C0B221600DAD8EA /* Sources */ = {
			isa = PBXSourcesBuildPhase;
			buildActionMask = 2147483647;
			files = (
				B09491B21C0B330C0053AD09 /* PokeCell.swift in Sources */,
				B017BBCA1C0B221600DAD8EA /* ViewController.swift in Sources */,
				B017BBC81C0B221600DAD8EA /* AppDelegate.swift in Sources */,
				B09491AF1C0B2AD00053AD09 /* Pokemon.swift in Sources */,
				B09491B41C0B3AA20053AD09 /* csv.swift in Sources */,
			);
			runOnlyForDeploymentPostprocessing = 0;
		};
/* End PBXSourcesBuildPhase section */

/* Begin PBXVariantGroup section */
		B017BBCB1C0B221600DAD8EA /* Main.storyboard */ = {
			isa = PBXVariantGroup;
			children = (
				B017BBCC1C0B221600DAD8EA /* Base */,
			);
			name = Main.storyboard;
			sourceTree = "<group>";
		};
		B017BBD01C0B221600DAD8EA /* LaunchScreen.storyboard */ = {
			isa = PBXVariantGroup;
			children = (
				B017BBD11C0B221600DAD8EA /* Base */,
			);
			name = LaunchScreen.storyboard;
			sourceTree = "<group>";
		};
/* End PBXVariantGroup section */

/* Begin XCBuildConfiguration section */
		B017BBD41C0B221600DAD8EA /* Debug */ = {
			isa = XCBuildConfiguration;
			buildSettings = {
				ALWAYS_SEARCH_USER_PATHS = NO;
				CLANG_CXX_LANGUAGE_STANDARD = "gnu++0x";
				CLANG_CXX_LIBRARY = "libc++";
				CLANG_ENABLE_MODULES = YES;
				CLANG_ENABLE_OBJC_ARC = YES;
				CLANG_WARN_BOOL_CONVERSION = YES;
				CLANG_WARN_CONSTANT_CONVERSION = YES;
				CLANG_WARN_DIRECT_OBJC_ISA_USAGE = YES_ERROR;
				CLANG_WARN_EMPTY_BODY = YES;
				CLANG_WARN_ENUM_CONVERSION = YES;
				CLANG_WARN_INT_CONVERSION = YES;
				CLANG_WARN_OBJC_ROOT_CLASS = YES_ERROR;
				CLANG_WARN_UNREACHABLE_CODE = YES;
				CLANG_WARN__DUPLICATE_METHOD_MATCH = YES;
				"CODE_SIGN_IDENTITY[sdk=iphoneos*]" = "iPhone Developer";
				COPY_PHASE_STRIP = NO;
				DEBUG_INFORMATION_FORMAT = dwarf;
				ENABLE_STRICT_OBJC_MSGSEND = YES;
				ENABLE_TESTABILITY = YES;
				GCC_C_LANGUAGE_STANDARD = gnu99;
				GCC_DYNAMIC_NO_PIC = NO;
				GCC_NO_COMMON_BLOCKS = YES;
				GCC_OPTIMIZATION_LEVEL = 0;
				GCC_PREPROCESSOR_DEFINITIONS = (
					"DEBUG=1",
					"$(inherited)",
				);
				GCC_WARN_64_TO_32_BIT_CONVERSION = YES;
				GCC_WARN_ABOUT_RETURN_TYPE = YES_ERROR;
				GCC_WARN_UNDECLARED_SELECTOR = YES;
				GCC_WARN_UNINITIALIZED_AUTOS = YES_AGGRESSIVE;
				GCC_WARN_UNUSED_FUNCTION = YES;
				GCC_WARN_UNUSED_VARIABLE = YES;
				IPHONEOS_DEPLOYMENT_TARGET = 9.1;
				MTL_ENABLE_DEBUG_INFO = YES;
				ONLY_ACTIVE_ARCH = YES;
				SDKROOT = iphoneos;
				SWIFT_OPTIMIZATION_LEVEL = "-Onone";
				TARGETED_DEVICE_FAMILY = "1,2";
			};
			name = Debug;
		};
		B017BBD51C0B221600DAD8EA /* Release */ = {
			isa = XCBuildConfiguration;
			buildSettings = {
				ALWAYS_SEARCH_USER_PATHS = NO;
				CLANG_CXX_LANGUAGE_STANDARD = "gnu++0x";
				CLANG_CXX_LIBRARY = "libc++";
				CLANG_ENABLE_MODULES = YES;
				CLANG_ENABLE_OBJC_ARC = YES;
				CLANG_WARN_BOOL_CONVERSION = YES;
				CLANG_WARN_CONSTANT_CONVERSION = YES;
				CLANG_WARN_DIRECT_OBJC_ISA_USAGE = YES_ERROR;
				CLANG_WARN_EMPTY_BODY = YES;
				CLANG_WARN_ENUM_CONVERSION = YES;
				CLANG_WARN_INT_CONVERSION = YES;
				CLANG_WARN_OBJC_ROOT_CLASS = YES_ERROR;
				CLANG_WARN_UNREACHABLE_CODE = YES;
				CLANG_WARN__DUPLICATE_METHOD_MATCH = YES;
				"CODE_SIGN_IDENTITY[sdk=iphoneos*]" = "iPhone Developer";
				COPY_PHASE_STRIP = NO;
				DEBUG_INFORMATION_FORMAT = "dwarf-with-dsym";
				ENABLE_NS_ASSERTIONS = NO;
				ENABLE_STRICT_OBJC_MSGSEND = YES;
				GCC_C_LANGUAGE_STANDARD = gnu99;
				GCC_NO_COMMON_BLOCKS = YES;
				GCC_WARN_64_TO_32_BIT_CONVERSION = YES;
				GCC_WARN_ABOUT_RETURN_TYPE = YES_ERROR;
				GCC_WARN_UNDECLARED_SELECTOR = YES;
				GCC_WARN_UNINITIALIZED_AUTOS = YES_AGGRESSIVE;
				GCC_WARN_UNUSED_FUNCTION = YES;
				GCC_WARN_UNUSED_VARIABLE = YES;
				IPHONEOS_DEPLOYMENT_TARGET = 9.1;
				MTL_ENABLE_DEBUG_INFO = NO;
				SDKROOT = iphoneos;
				TARGETED_DEVICE_FAMILY = "1,2";
				VALIDATE_PRODUCT = YES;
			};
			name = Release;
		};
		B017BBD71C0B221600DAD8EA /* Debug */ = {
			isa = XCBuildConfiguration;
			buildSettings = {
				ASSETCATALOG_COMPILER_APPICON_NAME = AppIcon;
				INFOPLIST_FILE = pokedex/Info.plist;
				LD_RUNPATH_SEARCH_PATHS = "$(inherited) @executable_path/Frameworks";
				PRODUCT_BUNDLE_IDENTIFIER = com.lightroomsecrets.pokedex;
				PRODUCT_NAME = "$(TARGET_NAME)";
			};
			name = Debug;
		};
		B017BBD81C0B221600DAD8EA /* Release */ = {
			isa = XCBuildConfiguration;
			buildSettings = {
				ASSETCATALOG_COMPILER_APPICON_NAME = AppIcon;
				INFOPLIST_FILE = pokedex/Info.plist;
				LD_RUNPATH_SEARCH_PATHS = "$(inherited) @executable_path/Frameworks";
				PRODUCT_BUNDLE_IDENTIFIER = com.lightroomsecrets.pokedex;
				PRODUCT_NAME = "$(TARGET_NAME)";
			};
			name = Release;
		};
/* End XCBuildConfiguration section */

/* Begin XCConfigurationList section */
		B017BBBF1C0B221600DAD8EA /* Build configuration list for PBXProject "pokedex" */ = {
			isa = XCConfigurationList;
			buildConfigurations = (
				B017BBD41C0B221600DAD8EA /* Debug */,
				B017BBD51C0B221600DAD8EA /* Release */,
			);
			defaultConfigurationIsVisible = 0;
			defaultConfigurationName = Release;
		};
		B017BBD61C0B221600DAD8EA /* Build configuration list for PBXNativeTarget "pokedex" */ = {
			isa = XCConfigurationList;
			buildConfigurations = (
				B017BBD71C0B221600DAD8EA /* Debug */,
				B017BBD81C0B221600DAD8EA /* Release */,
			);
			defaultConfigurationIsVisible = 0;
			defaultConfigurationName = Release;
		};
/* End XCConfigurationList section */
	};
	rootObject = B017BBBC1C0B221600DAD8EA /* Project object */;
}
